{
  "nodes": {
    "home-manager": {
      "inputs": {
        "nixpkgs": [
          "nixpkgs"
        ],
        "utils": "utils"
      },
      "locked": {
        "lastModified": 1678714646,
        "narHash": "sha256-L7u4ua/p3cTptqlTVwT1OaQMGkexULjQhKmUxRUYmMQ=",
        "owner": "nix-community",
        "repo": "home-manager",
        "rev": "7fe539dfbba8a158a455b54697d1bd7e97b37c60",
        "type": "github"
      },
      "original": {
        "id": "home-manager",
        "type": "indirect"
      }
    },
    "jacobi": {
      "flake": false,
      "locked": {
        "lastModified": 1678677951,
        "narHash": "sha256-bTeruptz1SkQ9V/qS6+uxz3NBr5w6rzzki7nOKrOmaw=",
        "owner": "jpetrucciani",
        "repo": "nix",
        "rev": "cfc3eac398fa51c9955232cbcf28d1ceff7ed6e1",
        "type": "github"
      },
      "original": {
        "owner": "jpetrucciani",
        "repo": "nix",
        "type": "github"
      }
    },
    "kwbauson": {
      "flake": false,
      "locked": {
        "lastModified": 1678432506,
        "narHash": "sha256-ZhppHgkMH7EpQ5a282uY4t6BZb0E+wgAG1bMmgrmf40=",
        "owner": "kwbauson",
        "repo": "cfg",
        "rev": "31cc6ba0aad06adaa4b8e59ff5b18e1d3f495514",
        "type": "github"
      },
      "original": {
        "owner": "kwbauson",
        "repo": "cfg",
        "type": "github"
      }
    },
    "nix-darwin": {
      "inputs": {
        "nixpkgs": [
          "nixpkgs"
        ]
      },
      "locked": {
        "lastModified": 1673295039,
        "narHash": "sha256-AsdYgE8/GPwcelGgrntlijMg4t3hLFJFCRF3tL5WVjA=",
        "owner": "LnL7",
        "repo": "nix-darwin",
        "rev": "87b9d090ad39b25b2400029c64825fc2a8868943",
        "type": "github"
      },
      "original": {
        "id": "nix-darwin",
        "type": "indirect"
      }
    },
    "nixos-hardware": {
      "locked": {
        "lastModified": 1678397099,
        "narHash": "sha256-5xq8YJe+h19TlD+EI4AE/3H3jcCcQ2AWU6CWBVc5tRc=",
        "owner": "NixOS",
        "repo": "nixos-hardware",
        "rev": "556101ff85bd6e20900ec73ee525b935154bc8ea",
        "type": "github"
      },
      "original": {
        "owner": "NixOS",
        "repo": "nixos-hardware",
        "type": "github"
      }
    },
    "nixpkgs": {
      "locked": {
        "lastModified": 1678693419,
        "narHash": "sha256-bbSv5yqZAW6dz+3f3f3pOUZbxpPN+3OgCljgn7P+nnQ=",
        "owner": "NixOS",
        "repo": "nixpkgs",
        "rev": "8e3fad82be64c06fbfb9fd43993aec9ef4623936",
        "type": "github"
      },
      "original": {
        "id": "nixpkgs",
        "type": "indirect"
      }
    },
    "nixpkgs_2": {
      "locked": {
        "lastModified": 1672441588,
        "narHash": "sha256-jx5kxOyeObnVD44HRebKYL3cjWrcKhhcDmEYm0/naDY=",
        "owner": "NixOS",
        "repo": "nixpkgs",
        "rev": "6a0d2701705c3cf6f42c15aa92b7885f1f8a477f",
        "type": "github"
      },
      "original": {
        "id": "nixpkgs",
        "type": "indirect"
      }
    },
    "root": {
      "inputs": {
        "home-manager": "home-manager",
        "jacobi": "jacobi",
        "kwbauson": "kwbauson",
        "nix-darwin": "nix-darwin",
        "nixos-hardware": "nixos-hardware",
        "nixpkgs": "nixpkgs",
        "vscode-server": "vscode-server"
      }
    },
    "utils": {
      "locked": {
        "lastModified": 1676283394,
        "narHash": "sha256-XX2f9c3iySLCw54rJ/CZs+ZK6IQy7GXNY4nSOyu2QG4=",
        "owner": "numtide",
        "repo": "flake-utils",
        "rev": "3db36a8b464d0c4532ba1c7dda728f4576d6d073",
        "type": "github"
      },
      "original": {
        "owner": "numtide",
        "repo": "flake-utils",
        "type": "github"
      }
    },
    "vscode-server": {
      "inputs": {
        "nixpkgs": "nixpkgs_2"
      },
      "locked": {
        "lastModified": 1676501444,
        "narHash": "sha256-H+uQetkzd5GIga56HmCDwl5eihdQgeN2jVdNrkXzDyo=",
        "owner": "msteen",
        "repo": "nixos-vscode-server",
        "rev": "57f1716bc625d2892579294cc207956679e3d94c",
        "type": "github"
      },
      "original": {
        "owner": "msteen",
        "repo": "nixos-vscode-server",
        "type": "github"
      }
    }
  },
  "root": "root",
  "version": 7
}
